// !$*UTF8*$!
{
	archiveVersion = 1;
	classes = {
	};
	objectVersion = 46;
	objects = {

/* Begin PBXBuildFile section */
		B3EC1B841DFFFEEF00C5C173 /* main.m in Sources */ = {isa = PBXBuildFile; fileRef = B3EC1B831DFFFEEF00C5C173 /* main.m */; };
		B3EC1B901E00015200C5C173 /* base64.c in Sources */ = {isa = PBXBuildFile; fileRef = B3EC1B8A1E00015200C5C173 /* base64.c */; };
		B3EC1B911E00015200C5C173 /* xxhash.c in Sources */ = {isa = PBXBuildFile; fileRef = B3EC1B8C1E00015200C5C173 /* xxhash.c */; };
		B3EC1B921E00015200C5C173 /* xxtea.c in Sources */ = {isa = PBXBuildFile; fileRef = B3EC1B8E1E00015200C5C173 /* xxtea.c */; };
		B3EC1B951E00038100C5C173 /* EncryptionLib.m in Sources */ = {isa = PBXBuildFile; fileRef = B3EC1B941E00038100C5C173 /* EncryptionLib.m */; };
/* End PBXBuildFile section */

/* Begin PBXCopyFilesBuildPhase section */
		B3EC1B7E1DFFFEEF00C5C173 /* CopyFiles */ = {
			isa = PBXCopyFilesBuildPhase;
			buildActionMask = 2147483647;
			dstPath = /usr/share/man/man1/;
			dstSubfolderSpec = 0;
			files = (
			);
			runOnlyForDeploymentPostprocessing = 1;
		};
/* End PBXCopyFilesBuildPhase section */

/* Begin PBXFileReference section */
		B3EC1B801DFFFEEF00C5C173 /* XXTEAxxHashSample */ = {isa = PBXFileReference; explicitFileType = "compiled.mach-o.executable"; includeInIndex = 0; path = XXTEAxxHashSample; sourceTree = BUILT_PRODUCTS_DIR; };
		B3EC1B831DFFFEEF00C5C173 /* main.m */ = {isa = PBXFileReference; lastKnownFileType = sourcecode.c.objc; path = main.m; sourceTree = "<group>"; };
		B3EC1B8A1E00015200C5C173 /* base64.c */ = {isa = PBXFileReference; fileEncoding = 4; lastKnownFileType = sourcecode.c.c; path = base64.c; sourceTree = "<group>"; };
		B3EC1B8B1E00015200C5C173 /* base64.h */ = {isa = PBXFileReference; fileEncoding = 4; lastKnownFileType = sourcecode.c.h; path = base64.h; sourceTree = "<group>"; };
		B3EC1B8C1E00015200C5C173 /* xxhash.c */ = {isa = PBXFileReference; fileEncoding = 4; lastKnownFileType = sourcecode.c.c; path = xxhash.c; sourceTree = "<group>"; };
		B3EC1B8D1E00015200C5C173 /* xxhash.h */ = {isa = PBXFileReference; fileEncoding = 4; lastKnownFileType = sourcecode.c.h; path = xxhash.h; sourceTree = "<group>"; };
		B3EC1B8E1E00015200C5C173 /* xxtea.c */ = {isa = PBXFileReference; fileEncoding = 4; lastKnownFileType = sourcecode.c.c; path = xxtea.c; sourceTree = "<group>"; };
		B3EC1B8F1E00015200C5C173 /* xxtea.h */ = {isa = PBXFileReference; fileEncoding = 4; lastKnownFileType = sourcecode.c.h; path = xxtea.h; sourceTree = "<group>"; };
		B3EC1B931E00038100C5C173 /* EncryptionLib.h */ = {isa = PBXFileReference; fileEncoding = 4; lastKnownFileType = sourcecode.c.h; path = EncryptionLib.h; sourceTree = "<group>"; };
		B3EC1B941E00038100C5C173 /* EncryptionLib.m */ = {isa = PBXFileReference; fileEncoding = 4; lastKnownFileType = sourcecode.c.objc; path = EncryptionLib.m; sourceTree = "<group>"; };
/* End PBXFileReference section */

/* Begin PBXFrameworksBuildPhase section */
		B3EC1B7D1DFFFEEF00C5C173 /* Frameworks */ = {
			isa = PBXFrameworksBuildPhase;
			buildActionMask = 2147483647;
			files = (
			);
			runOnlyForDeploymentPostprocessing = 0;
		};
/* End PBXFrameworksBuildPhase section */

/* Begin PBXGroup section */
		B3EC1B771DFFFEEF00C5C173 = {
			isa = PBXGroup;
			children = (
				B3EC1B821DFFFEEF00C5C173 /* XXTEAxxHashSample */,
				B3EC1B811DFFFEEF00C5C173 /* Products */,
			);
			sourceTree = "<group>";
		};
		B3EC1B811DFFFEEF00C5C173 /* Products */ = {
			isa = PBXGroup;
			children = (
				B3EC1B801DFFFEEF00C5C173 /* XXTEAxxHashSample */,
			);
			name = Products;
			sourceTree = "<group>";
		};
		B3EC1B821DFFFEEF00C5C173 /* XXTEAxxHashSample */ = {
			isa = PBXGroup;
			children = (
				B3EC1B931E00038100C5C173 /* EncryptionLib.h */,
				B3EC1B941E00038100C5C173 /* EncryptionLib.m */,
				B3EC1B8A1E00015200C5C173 /* base64.c */,
				B3EC1B8B1E00015200C5C173 /* base64.h */,
				B3EC1B8C1E00015200C5C173 /* xxhash.c */,
				B3EC1B8D1E00015200C5C173 /* xxhash.h */,
				B3EC1B8E1E00015200C5C173 /* xxtea.c */,
				B3EC1B8F1E00015200C5C173 /* xxtea.h */,
				B3EC1B831DFFFEEF00C5C173 /* main.m */,
			);
			path = XXTEAxxHashSample;
			sourceTree = "<group>";
		};
/* End PBXGroup section */

/* Begin PBXNativeTarget section */
		B3EC1B7F1DFFFEEF00C5C173 /* XXTEAxxHashSample */ = {
			isa = PBXNativeTarget;
			buildConfigurationList = B3EC1B871DFFFEEF00C5C173 /* Build configuration list for PBXNativeTarget "XXTEAxxHashSample" */;
			buildPhases = (
				B3EC1B7C1DFFFEEF00C5C173 /* Sources */,
				B3EC1B7D1DFFFEEF00C5C173 /* Frameworks */,
				B3EC1B7E1DFFFEEF00C5C173 /* CopyFiles */,
			);
			buildRules = (
			);
			dependencies = (
			);
			name = XXTEAxxHashSample;
			productName = XXTEAxxHashSample;
			productReference = B3EC1B801DFFFEEF00C5C173 /* XXTEAxxHashSample */;
			productType = "com.apple.product-type.tool";
		};
/* End PBXNativeTarget section */

/* Begin PBXProject section */
		B3EC1B781DFFFEEF00C5C173 /* Project object */ = {
			isa = PBXProject;
			attributes = {
				LastUpgradeCheck = 0810;
				ORGANIZATIONNAME = "Minh Quy";
				TargetAttributes = {
					B3EC1B7F1DFFFEEF00C5C173 = {
						CreatedOnToolsVersion = 8.1;
						ProvisioningStyle = Automatic;
					};
				};
			};
			buildConfigurationList = B3EC1B7B1DFFFEEF00C5C173 /* Build configuration list for PBXProject "XXTEAxxHashSample" */;
			compatibilityVersion = "Xcode 3.2";
			developmentRegion = English;
			hasScannedForEncodings = 0;
			knownRegions = (
				en,
			);
			mainGroup = B3EC1B771DFFFEEF00C5C173;
			productRefGroup = B3EC1B811DFFFEEF00C5C173 /* Products */;
			projectDirPath = "";
			projectRoot = "";
			targets = (
				B3EC1B7F1DFFFEEF00C5C173 /* XXTEAxxHashSample */,
			);
		};
/* End PBXProject section */

/* Begin PBXSourcesBuildPhase section */
		B3EC1B7C1DFFFEEF00C5C173 /* Sources */ = {
			isa = PBXSourcesBuildPhase;
			buildActionMask = 2147483647;
			files = (
				B3EC1B901E00015200C5C173 /* base64.c in Sources */,
				B3EC1B911E00015200C5C173 /* xxhash.c in Sources */,
				B3EC1B951E00038100C5C173 /* EncryptionLib.m in Sources */,
				B3EC1B921E00015200C5C173 /* xxtea.c in Sources */,
				B3EC1B841DFFFEEF00C5C173 /* main.m in Sources */,
			);
			runOnlyForDeploymentPostprocessing = 0;
		};
/* End PBXSourcesBuildPhase section */

/* Begin XCBuildConfiguration section */
		B3EC1B851DFFFEEF00C5C173 /* Debug */ = {
			isa = XCBuildConfiguration;
			buildSettings = {
				ALWAYS_SEARCH_USER_PATHS = NO;
				CLANG_ANALYZER_NONNULL = YES;
				CLANG_CXX_LANGUAGE_STANDARD = "gnu++0x";
				CLANG_CXX_LIBRARY = "libc++";
				CLANG_ENABLE_MODULES = YES;
				CLANG_ENABLE_OBJC_ARC = YES;
				CLANG_WARN_BOOL_CONVERSION = YES;
				CLANG_WARN_CONSTANT_CONVERSION = YES;
				CLANG_WARN_DIRECT_OBJC_ISA_USAGE = YES_ERROR;
				CLANG_WARN_DOCUMENTATION_COMMENTS = YES;
				CLANG_WARN_EMPTY_BODY = YES;
				CLANG_WARN_ENUM_CONVERSION = YES;
				CLANG_WARN_INFINITE_RECURSION = YES;
				CLANG_WARN_INT_CONVERSION = YES;
				CLANG_WARN_OBJC_ROOT_CLASS = YES_ERROR;
				CLANG_WARN_SUSPICIOUS_MOVES = YES;
				CLANG_WARN_UNREACHABLE_CODE = YES;
				CLANG_WARN__DUPLICATE_METHOD_MATCH = YES;
				CODE_SIGN_IDENTITY = "-";
				COPY_PHASE_STRIP = NO;
				DEBUG_INFORMATION_FORMAT = dwarf;
				ENABLE_STRICT_OBJC_MSGSEND = YES;
				ENABLE_TESTABILITY = YES;
				GCC_C_LANGUAGE_STANDARD = gnu99;
				GCC_DYNAMIC_NO_PIC = NO;
				GCC_NO_COMMON_BLOCKS = YES;
				GCC_OPTIMIZATION_LEVEL = 0;
				GCC_PREPROCESSOR_DEFINITIONS = (
					"DEBUG=1",
					"$(inherited)",
				);
				GCC_WARN_64_TO_32_BIT_CONVERSION = YES;
				GCC_WARN_ABOUT_RETURN_TYPE = YES_ERROR;
				GCC_WARN_UNDECLARED_SELECTOR = YES;
				GCC_WARN_UNINITIALIZED_AUTOS = YES_AGGRESSIVE;
				GCC_WARN_UNUSED_FUNCTION = YES;
				GCC_WARN_UNUSED_VARIABLE = YES;
				MACOSX_DEPLOYMENT_TARGET = 10.12;
				MTL_ENABLE_DEBUG_INFO = YES;
				ONLY_ACTIVE_ARCH = YES;
				SDKROOT = macosx;
			};
			name = Debug;
		};
		B3EC1B861DFFFEEF00C5C173 /* Release */ = {
			isa = XCBuildConfiguration;
			buildSettings = {
				ALWAYS_SEARCH_USER_PATHS = NO;
				CLANG_ANALYZER_NONNULL = YES;
				CLANG_CXX_LANGUAGE_STANDARD = "gnu++0x";
				CLANG_CXX_LIBRARY = "libc++";
				CLANG_ENABLE_MODULES = YES;
				CLANG_ENABLE_OBJC_ARC = YES;
				CLANG_WARN_BOOL_CONVERSION = YES;
				CLANG_WARN_CONSTANT_CONVERSION = YES;
				CLANG_WARN_DIRECT_OBJC_ISA_USAGE = YES_ERROR;
				CLANG_WARN_DOCUMENTATION_COMMENTS = YES;
				CLANG_WARN_EMPTY_BODY = YES;
				CLANG_WARN_ENUM_CONVERSION = YES;
				CLANG_WARN_INFINITE_RECURSION = YES;
				CLANG_WARN_INT_CONVERSION = YES;
				CLANG_WARN_OBJC_ROOT_CLASS = YES_ERROR;
				CLANG_WARN_SUSPICIOUS_MOVES = YES;
				CLANG_WARN_UNREACHABLE_CODE = YES;
				CLANG_WARN__DUPLICATE_METHOD_MATCH = YES;
				CODE_SIGN_IDENTITY = "-";
				COPY_PHASE_STRIP = NO;
				DEBUG_INFORMATION_FORMAT = "dwarf-with-dsym";
				ENABLE_NS_ASSERTIONS = NO;
				ENABLE_STRICT_OBJC_MSGSEND = YES;
				GCC_C_LANGUAGE_STANDARD = gnu99;
				GCC_NO_COMMON_BLOCKS = YES;
				GCC_WARN_64_TO_32_BIT_CONVERSION = YES;
				GCC_WARN_ABOUT_RETURN_TYPE = YES_ERROR;
				GCC_WARN_UNDECLARED_SELECTOR = YES;
				GCC_WARN_UNINITIALIZED_AUTOS = YES_AGGRESSIVE;
				GCC_WARN_UNUSED_FUNCTION = YES;
				GCC_WARN_UNUSED_VARIABLE = YES;
				MACOSX_DEPLOYMENT_TARGET = 10.12;
				MTL_ENABLE_DEBUG_INFO = NO;
				SDKROOT = macosx;
			};
			name = Release;
		};
		B3EC1B881DFFFEEF00C5C173 /* Debug */ = {
			isa = XCBuildConfiguration;
			buildSettings = {
				PRODUCT_NAME = "$(TARGET_NAME)";
			};
			name = Debug;
		};
		B3EC1B891DFFFEEF00C5C173 /* Release */ = {
			isa = XCBuildConfiguration;
			buildSettings = {
				PRODUCT_NAME = "$(TARGET_NAME)";
			};
			name = Release;
		};
/* End XCBuildConfiguration section */

/* Begin XCConfigurationList section */
		B3EC1B7B1DFFFEEF00C5C173 /* Build configuration list for PBXProject "XXTEAxxHashSample" */ = {
			isa = XCConfigurationList;
			buildConfigurations = (
				B3EC1B851DFFFEEF00C5C173 /* Debug */,
				B3EC1B861DFFFEEF00C5C173 /* Release */,
			);
			defaultConfigurationIsVisible = 0;
			defaultConfigurationName = Release;
		};
		B3EC1B871DFFFEEF00C5C173 /* Build configuration list for PBXNativeTarget "XXTEAxxHashSample" */ = {
			isa = XCConfigurationList;
			buildConfigurations = (
				B3EC1B881DFFFEEF00C5C173 /* Debug */,
				B3EC1B891DFFFEEF00C5C173 /* Release */,
			);
			defaultConfigurationIsVisible = 0;
		};
/* End XCConfigurationList section */
	};
	rootObject = B3EC1B781DFFFEEF00C5C173 /* Project object */;
}
